
Microsoft Visual Studio Solution File, Format Version 12.00
# Visual Studio 15
Project("{FAE04EC0-301F-11D3-BF4B-00C04F79EFBC}") = "UnityEngine.Advertisements", "UnityEngine.Advertisements.csproj", "{54A0A692-4590-A0F4-6FC2-E99828D996A7}"
EndProject
Project("{FAE04EC0-301F-11D3-BF4B-00C04F79EFBC}") = "Unity.Timeline", "Unity.Timeline.csproj", "{2DB64D02-D460-9D19-386B-9AC59F61219C}"
EndProject
Project("{FAE04EC0-301F-11D3-BF4B-00C04F79EFBC}") = "Unity.Timeline.Editor", "Unity.Timeline.Editor.csproj", "{E321F23D-1D8C-569C-AF1F-ECD8BF77128C}"
EndProject
Project("{FAE04EC0-301F-11D3-BF4B-00C04F79EFBC}") = "Unity.InputSystem", "Unity.InputSystem.csproj", "{2C772F65-C024-E164-1BB0-887ACEF92AFA}"
EndProject
Project("{FAE04EC0-301F-11D3-BF4B-00C04F79EFBC}") = "Unity.Mobile.AndroidLogcat.Editor", "Unity.Mobile.AndroidLogcat.Editor.csproj", "{9A5A1C8F-40C0-CA98-1D15-ABD537AD07B7}"
EndProject
Project("{FAE04EC0-301F-11D3-BF4B-00C04F79EFBC}") = "Unity.ShaderGraph.Editor", "Unity.ShaderGraph.Editor.csproj", "{9379868E-16FB-B308-4B22-D74BDC1EC93C}"
EndProject
Project("{FAE04EC0-301F-11D3-BF4B-00C04F79EFBC}") = "Unity.RenderPipelines.Universal.Editor", "Unity.RenderPipelines.Universal.Editor.csproj", "{985048AF-75C3-A46F-9486-D8B04B39D6DD}"
EndProject
Project("{FAE04EC0-301F-11D3-BF4B-00C04F79EFBC}") = "Unity.TextMeshPro.Editor", "Unity.TextMeshPro.Editor.csproj", "{50FEE7B5-4E3A-3D5B-304C-20FFE250B899}"
EndProject
Project("{FAE04EC0-301F-11D3-BF4B-00C04F79EFBC}") = "UnityEngine.Advertisements.Editor", "UnityEngine.Advertisements.Editor.csproj", "{174E5D36-4269-8623-AB3B-131FE036BC14}"
EndProject
Project("{FAE04EC0-301F-11D3-BF4B-00C04F79EFBC}") = "Unity.RenderPipelines.Universal.Runtime", "Unity.RenderPipelines.Universal.Runtime.csproj", "{E571E0AD-A012-5383-0C9F-1302DD00C8F4}"
EndProject
Project("{FAE04EC0-301F-11D3-BF4B-00C04F79EFBC}") = "UnityEditor.UI", "UnityEditor.UI.csproj", "{86479EE8-0FA1-78BD-1E8E-3B528D5EA965}"
EndProject
Project("{FAE04EC0-301F-11D3-BF4B-00C04F79EFBC}") = "Unity.PlasticSCM.Editor", "Unity.PlasticSCM.Editor.csproj", "{276B5CFC-5027-AF81-AD9E-E4991105F75F}"
EndProject
Project("{FAE04EC0-301F-11D3-BF4B-00C04F79EFBC}") = "Unity.RenderPipelines.Core.Runtime", "Unity.RenderPipelines.Core.Runtime.csproj", "{A313C6B9-EFD5-D664-F183-21B488B854DB}"
EndProject
Project("{FAE04EC0-301F-11D3-BF4B-00C04F79EFBC}") = "Unity.AdaptivePerformance", "Unity.AdaptivePerformance.csproj", "{38EE231F-224C-CE9A-6B9A-D8CB93ADC447}"
EndProject
Project("{FAE04EC0-301F-11D3-BF4B-00C04F79EFBC}") = "Unity.Mathematics", "Unity.Mathematics.csproj", "{304DB16F-0E0A-CEB8-CD14-B8284F7BDA5F}"
EndProject
Project("{FAE04EC0-301F-11D3-BF4B-00C04F79EFBC}") = "Unity.RenderPipelines.Core.Editor", "Unity.RenderPipelines.Core.Editor.csproj", "{1A0256E2-73C0-F034-E51C-7FD46908D397}"
EndProject
Project("{FAE04EC0-301F-11D3-BF4B-00C04F79EFBC}") = "UnityEngine.Advertisements.DevX.Editor", "UnityEngine.Advertisements.DevX.Editor.csproj", "{58D9A894-32EF-940A-E535-073EF22F3368}"
EndProject
Project("{FAE04EC0-301F-11D3-BF4B-00C04F79EFBC}") = "UnityEditor.TestRunner", "UnityEditor.TestRunner.csproj", "{CB6F0965-A5DA-53F0-1939-0836921BD4FA}"
EndProject
Project("{FAE04EC0-301F-11D3-BF4B-00C04F79EFBC}") = "Assembly-CSharp", "Assembly-CSharp.csproj", "{803CBC82-43AA-2944-B09D-7952F19DEC1E}"
EndProject
Project("{FAE04EC0-301F-11D3-BF4B-00C04F79EFBC}") = "UnityEngine.TestRunner", "UnityEngine.TestRunner.csproj", "{6AA5642C-5F4C-675A-0299-F3BB6D577C3D}"
EndProject
Project("{FAE04EC0-301F-11D3-BF4B-00C04F79EFBC}") = "Unity.Searcher.Editor", "Unity.Searcher.Editor.csproj", "{F7091EAA-A6CF-AAF1-377C-BFCBDED14FE2}"
EndProject
Project("{FAE04EC0-301F-11D3-BF4B-00C04F79EFBC}") = "Unity.Burst", "Unity.Burst.csproj", "{A1A56A73-4205-4695-8470-9A34D27F9655}"
EndProject
Project("{FAE04EC0-301F-11D3-BF4B-00C04F79EFBC}") = "UnityEngine.UI", "UnityEngine.UI.csproj", "{46BB9468-AF1E-99BE-E48B-C355121FC829}"
EndProject
Project("{FAE04EC0-301F-11D3-BF4B-00C04F79EFBC}") = "Unity.AI.Navigation.Editor", "Unity.AI.Navigation.Editor.csproj", "{89DAD884-C961-AFE2-2244-3324092BC84B}"
EndProject
Project("{FAE04EC0-301F-11D3-BF4B-00C04F79EFBC}") = "Unity.VisualStudio.Editor", "Unity.VisualStudio.Editor.csproj", "{FDDC4FAD-ED65-1EDB-FB9E-E7141C93A17F}"
EndProject
Project("{FAE04EC0-301F-11D3-BF4B-00C04F79EFBC}") = "PPv2URPConverters", "PPv2URPConverters.csproj", "{35763975-3136-D51C-6AAF-63BD5D140FEA}"
EndProject
Project("{FAE04EC0-301F-11D3-BF4B-00C04F79EFBC}") = "Unity.Rider.Editor", "Unity.Rider.Editor.csproj", "{B0F1CD5D-92AF-96F3-A70B-E982D06C9C4F}"
EndProject
Project("{FAE04EC0-301F-11D3-BF4B-00C04F79EFBC}") = "Unity.Notifications.Android", "Unity.Notifications.Android.csproj", "{D8ECDAB4-0CAE-751A-83F3-3FB186B4041F}"
EndProject
Project("{FAE04EC0-301F-11D3-BF4B-00C04F79EFBC}") = "Unity.AI.Navigation", "Unity.AI.Navigation.csproj", "{C02CCE52-C1D9-F778-E00E-93DDBF8FD8A0}"
EndProject
Project("{FAE04EC0-301F-11D3-BF4B-00C04F79EFBC}") = "Unity.AI.Navigation.Editor.ConversionSystem", "Unity.AI.Navigation.Editor.ConversionSystem.csproj", "{7D461F43-AA13-BB7A-7835-37F13FB811D3}"
EndProject
Project("{FAE04EC0-301F-11D3-BF4B-00C04F79EFBC}") = "Unity.Notifications", "Unity.Notifications.csproj", "{BF709A50-CE78-0CE4-00C8-F2131F1F87E2}"
EndProject
Project("{FAE04EC0-301F-11D3-BF4B-00C04F79EFBC}") = "Unity.Burst.CodeGen", "Unity.Burst.CodeGen.csproj", "{912A304C-972C-B251-AC6D-1FCC96B4D079}"
EndProject
Project("{FAE04EC0-301F-11D3-BF4B-00C04F79EFBC}") = "Unity.RenderPipeline.Universal.ShaderLibrary", "Unity.RenderPipeline.Universal.ShaderLibrary.csproj", "{EAEBCDB7-A984-EF54-85FF-4870D905D1AA}"
EndProject
Project("{FAE04EC0-301F-11D3-BF4B-00C04F79EFBC}") = "Unity.TextMeshPro", "Unity.TextMeshPro.csproj", "{2822D6EB-138B-F5CB-D687-0A00720636BB}"
EndProject
Project("{FAE04EC0-301F-11D3-BF4B-00C04F79EFBC}") = "Unity.AdaptivePerformance.Editor", "Unity.AdaptivePerformance.Editor.csproj", "{FA255007-383E-CD84-0D00-4F167F5ED563}"
EndProject
Project("{FAE04EC0-301F-11D3-BF4B-00C04F79EFBC}") = "Unity.VSCode.Editor", "Unity.VSCode.Editor.csproj", "{EEF4777C-E960-3379-F55E-8F72D63E9B62}"
EndProject
Project("{FAE04EC0-301F-11D3-BF4B-00C04F79EFBC}") = "Unity.Burst.Editor", "Unity.Burst.Editor.csproj", "{7F70E054-1506-D645-24EE-3A26D7DE1482}"
EndProject
Project("{FAE04EC0-301F-11D3-BF4B-00C04F79EFBC}") = "Unity.Sysroot.Linux_x86_64", "Unity.Sysroot.Linux_x86_64.csproj", "{EE594FA0-173F-EA47-3FBA-B0D321BD3F29}"
EndProject
Project("{FAE04EC0-301F-11D3-BF4B-00C04F79EFBC}") = "Unity.2D.Sprite.Editor", "Unity.2D.Sprite.Editor.csproj", "{617750C4-70E7-D7BD-1A71-6889744B980C}"
EndProject
Project("{FAE04EC0-301F-11D3-BF4B-00C04F79EFBC}") = "Unity.AI.Navigation.Updater", "Unity.AI.Navigation.Updater.csproj", "{A81120CE-9F25-BDC0-14CB-EDF6AEA6CC17}"
EndProject
Project("{FAE04EC0-301F-11D3-BF4B-00C04F79EFBC}") = "Unity.Notifications.iOS", "Unity.Notifications.iOS.csproj", "{582644D5-C002-752A-C164-16D522A1FDAC}"
EndProject
Project("{FAE04EC0-301F-11D3-BF4B-00C04F79EFBC}") = "Unity.AdaptivePerformance.Profiler.Editor", "Unity.AdaptivePerformance.Profiler.Editor.csproj", "{046B2001-8D28-E446-84E4-2ACF479B79E1}"
EndProject
Project("{FAE04EC0-301F-11D3-BF4B-00C04F79EFBC}") = "Unity.AdaptivePerformance.UI.Editor", "Unity.AdaptivePerformance.UI.Editor.csproj", "{27F7A1CB-1A5A-2504-0831-EB7F80F9D3E9}"
EndProject
Project("{FAE04EC0-301F-11D3-BF4B-00C04F79EFBC}") = "Unity.Notifications.Unified", "Unity.Notifications.Unified.csproj", "{7FF14989-BA9F-8C69-6965-AAC0EDC3C32A}"
EndProject
Project("{FAE04EC0-301F-11D3-BF4B-00C04F79EFBC}") = "Assembly-CSharp-Editor", "Assembly-CSharp-Editor.csproj", "{D75667B7-4CF6-D343-8759-0F97A5E0B2C8}"
EndProject
Project("{FAE04EC0-301F-11D3-BF4B-00C04F79EFBC}") = "Unity.AdaptivePerformance.Simulator.Extension", "Unity.AdaptivePerformance.Simulator.Extension.csproj", "{81BDE196-0333-F3A1-4BFA-36D75535764B}"
EndProject
Project("{FAE04EC0-301F-11D3-BF4B-00C04F79EFBC}") = "Unity.Profiling.Core", "Unity.Profiling.Core.csproj", "{D99B6DB3-D614-6796-C964-A5D381214670}"
EndProject
Project("{FAE04EC0-301F-11D3-BF4B-00C04F79EFBC}") = "Unity.ShaderGraph.Utilities", "Unity.ShaderGraph.Utilities.csproj", "{0B55B876-6FD0-E823-DD2D-AFA009BDD3BB}"
EndProject
Project("{FAE04EC0-301F-11D3-BF4B-00C04F79EFBC}") = "Unity.InputSystem.ForUI", "Unity.InputSystem.ForUI.csproj", "{B2C3D350-D974-766F-9E93-296755CC1F54}"
EndProject
Project("{FAE04EC0-301F-11D3-BF4B-00C04F79EFBC}") = "Unity.Mathematics.Editor", "Unity.Mathematics.Editor.csproj", "{5AB649D5-5D64-3AC5-E4B5-FBD6571B9058}"
EndProject
Project("{FAE04EC0-301F-11D3-BF4B-00C04F79EFBC}") = "Unity.AdaptivePerformance.Simulator.Editor", "Unity.AdaptivePerformance.Simulator.Editor.csproj", "{BA275791-364F-1EF2-8828-5533EBB097A5}"
EndProject
Project("{FAE04EC0-301F-11D3-BF4B-00C04F79EFBC}") = "Unity.SysrootPackage.Editor", "Unity.SysrootPackage.Editor.csproj", "{0AE27D38-3FCA-06BF-88FA-047EB115A044}"
EndProject
Project("{FAE04EC0-301F-11D3-BF4B-00C04F79EFBC}") = "Unity.InputSystem.TestFramework", "Unity.InputSystem.TestFramework.csproj", "{FAD49458-E08C-0642-0D20-69E8CE9765C7}"
EndProject
Project("{FAE04EC0-301F-11D3-BF4B-00C04F79EFBC}") = "Unity.Toolchain.Win-x86_64-Linux-x86_64", "Unity.Toolchain.Win-x86_64-Linux-x86_64.csproj", "{5801242E-0838-3F92-1367-17E109F5FAEE}"
EndProject
Project("{FAE04EC0-301F-11D3-BF4B-00C04F79EFBC}") = "Unity.RenderPipelines.Universal.Config.Runtime", "Unity.RenderPipelines.Universal.Config.Runtime.csproj", "{4D23A9B0-2E07-FF72-8562-9D003A50AB3E}"
EndProject
Project("{FAE04EC0-301F-11D3-BF4B-00C04F79EFBC}") = "Unity.CollabProxy.Editor", "Unity.CollabProxy.Editor.csproj", "{4F9EE653-DCF0-F265-932B-F974398FE731}"
EndProject
Project("{FAE04EC0-301F-11D3-BF4B-00C04F79EFBC}") = "Unity.RenderPipelines.ShaderGraph.ShaderGraphLibrary", "Unity.RenderPipelines.ShaderGraph.ShaderGraphLibrary.csproj", "{02040FAB-7D95-CC66-AAC3-AA4717937814}"
EndProject
Project("{FAE04EC0-301F-11D3-BF4B-00C04F79EFBC}") = "Unity.RenderPipelines.Core.ShaderLibrary", "Unity.RenderPipelines.Core.ShaderLibrary.csproj", "{00EF2A68-24D5-B986-FE9E-81C26B07F32B}"
EndProject
Project("{FAE04EC0-301F-11D3-BF4B-00C04F79EFBC}") = "Unity.RenderPipelines.Universal.Shaders", "Unity.RenderPipelines.Universal.Shaders.csproj", "{38570AE9-CB11-6705-C7E7-3D1F335DE174}"
EndProject
Project("{FAE04EC0-301F-11D3-BF4B-00C04F79EFBC}") = "UnityEngine.Advertisements", "UnityEngine.Advertisements.Player.csproj", "{3E86AB8B-122E-E060-EFB3-D01C2E4EB886}"
EndProject
Project("{FAE04EC0-301F-11D3-BF4B-00C04F79EFBC}") = "Unity.Timeline", "Unity.Timeline.Player.csproj", "{3B1B843D-0630-B45E-CCA7-B9643BDDE4CB}"
EndProject
Project("{FAE04EC0-301F-11D3-BF4B-00C04F79EFBC}") = "Unity.InputSystem", "Unity.InputSystem.Player.csproj", "{B563E4BB-A09A-1B56-1CB2-F284EC84CB55}"
EndProject
Project("{FAE04EC0-301F-11D3-BF4B-00C04F79EFBC}") = "Unity.RenderPipelines.Universal.Runtime", "Unity.RenderPipelines.Universal.Runtime.Player.csproj", "{217B4763-07AD-75F9-F64E-D6807B7B2C1A}"
EndProject
Project("{FAE04EC0-301F-11D3-BF4B-00C04F79EFBC}") = "Unity.RenderPipelines.Core.Runtime", "Unity.RenderPipelines.Core.Runtime.Player.csproj", "{56A492E4-323C-D8F9-C288-951C6E4AD061}"
EndProject
Project("{FAE04EC0-301F-11D3-BF4B-00C04F79EFBC}") = "Unity.AdaptivePerformance", "Unity.AdaptivePerformance.Player.csproj", "{B8DB5B6E-561E-E81B-2E53-BCA678E07F8D}"
EndProject
Project("{FAE04EC0-301F-11D3-BF4B-00C04F79EFBC}") = "Unity.Mathematics", "Unity.Mathematics.Player.csproj", "{7C3F6BD5-61D7-DBA0-8D2B-7BBF943742D8}"
EndProject
Project("{FAE04EC0-301F-11D3-BF4B-00C04F79EFBC}") = "Assembly-CSharp", "Assembly-CSharp.Player.csproj", "{ACCB0031-80E9-1095-DD62-516982CFB083}"
EndProject
Project("{FAE04EC0-301F-11D3-BF4B-00C04F79EFBC}") = "UnityEngine.TestRunner", "UnityEngine.TestRunner.Player.csproj", "{B9AA5595-5BD3-F17C-AC2F-29DD25384FD6}"
EndProject
Project("{FAE04EC0-301F-11D3-BF4B-00C04F79EFBC}") = "Unity.Burst", "Unity.Burst.Player.csproj", "{F25E3CF0-7DEC-6D94-BF9C-22F5FFD8536F}"
EndProject
Project("{FAE04EC0-301F-11D3-BF4B-00C04F79EFBC}") = "UnityEngine.UI", "UnityEngine.UI.Player.csproj", "{68ECBE5F-2BE0-8D7F-733D-79BA8EEB71D8}"
EndProject
Project("{FAE04EC0-301F-11D3-BF4B-00C04F79EFBC}") = "Unity.Notifications.Android", "Unity.Notifications.Android.Player.csproj", "{8C038F27-5BD0-353A-C25B-540B37EA7F96}"
EndProject
Project("{FAE04EC0-301F-11D3-BF4B-00C04F79EFBC}") = "Unity.AI.Navigation", "Unity.AI.Navigation.Player.csproj", "{23B6CA34-BF95-1F5E-CF82-38DBCDE7CE22}"
EndProject
Project("{FAE04EC0-301F-11D3-BF4B-00C04F79EFBC}") = "Unity.RenderPipeline.Universal.ShaderLibrary", "Unity.RenderPipeline.Universal.ShaderLibrary.Player.csproj", "{03C4B1ED-8F29-5789-745D-FDCF26F08B08}"
EndProject
Project("{FAE04EC0-301F-11D3-BF4B-00C04F79EFBC}") = "Unity.TextMeshPro", "Unity.TextMeshPro.Player.csproj", "{00ED8E94-46E2-FDBC-2A22-C781DFB2612B}"
EndProject
Project("{FAE04EC0-301F-11D3-BF4B-00C04F79EFBC}") = "Unity.Notifications.Unified", "Unity.Notifications.Unified.Player.csproj", "{E6959F3E-9F01-E3FA-0AAF-4B46848105F2}"
EndProject
Project("{FAE04EC0-301F-11D3-BF4B-00C04F79EFBC}") = "Unity.Profiling.Core", "Unity.Profiling.Core.Player.csproj", "{E7A704F7-3FD1-BEBF-FA2E-3FC33AF5F379}"
EndProject
Project("{FAE04EC0-301F-11D3-BF4B-00C04F79EFBC}") = "Unity.InputSystem.ForUI", "Unity.InputSystem.ForUI.Player.csproj", "{374EAAD9-83F4-8481-6427-A4D6E3765C77}"
EndProject
Project("{FAE04EC0-301F-11D3-BF4B-00C04F79EFBC}") = "Unity.InputSystem.TestFramework", "Unity.InputSystem.TestFramework.Player.csproj", "{AF3A95C7-3924-F188-8312-B6F913768D39}"
EndProject
Project("{FAE04EC0-301F-11D3-BF4B-00C04F79EFBC}") = "Unity.RenderPipelines.Universal.Config.Runtime", "Unity.RenderPipelines.Universal.Config.Runtime.Player.csproj", "{C036B3DC-429F-A552-EB9C-B9E16005E466}"
EndProject
Project("{FAE04EC0-301F-11D3-BF4B-00C04F79EFBC}") = "Unity.RenderPipelines.ShaderGraph.ShaderGraphLibrary", "Unity.RenderPipelines.ShaderGraph.ShaderGraphLibrary.Player.csproj", "{ED6EF152-A816-8D8D-A12E-1735B042E96C}"
EndProject
Project("{FAE04EC0-301F-11D3-BF4B-00C04F79EFBC}") = "Unity.RenderPipelines.Core.ShaderLibrary", "Unity.RenderPipelines.Core.ShaderLibrary.Player.csproj", "{B9B57EC8-DBB3-047F-2E04-C29B3CA43C4F}"
EndProject
Project("{FAE04EC0-301F-11D3-BF4B-00C04F79EFBC}") = "Unity.RenderPipelines.Universal.Shaders", "Unity.RenderPipelines.Universal.Shaders.Player.csproj", "{D910669D-596A-C89F-3014-8368BB7875A6}"
EndProject
Global
	GlobalSection(SolutionConfigurationPlatforms) = preSolution
		Debug|Any CPU = Debug|Any CPU
		Release|Any CPU = Release|Any CPU
	EndGlobalSection
	GlobalSection(ProjectConfigurationPlatforms) = postSolution
		{54A0A692-4590-A0F4-6FC2-E99828D996A7}.Debug|Any CPU.ActiveCfg = Debug|Any CPU
		{54A0A692-4590-A0F4-6FC2-E99828D996A7}.Debug|Any CPU.Build.0 = Debug|Any CPU
		{54A0A692-4590-A0F4-6FC2-E99828D996A7}.Release|Any CPU.ActiveCfg = Release|Any CPU
		{54A0A692-4590-A0F4-6FC2-E99828D996A7}.Release|Any CPU.Build.0 = Release|Any CPU
		{2DB64D02-D460-9D19-386B-9AC59F61219C}.Debug|Any CPU.ActiveCfg = Debug|Any CPU
		{2DB64D02-D460-9D19-386B-9AC59F61219C}.Debug|Any CPU.Build.0 = Debug|Any CPU
		{2DB64D02-D460-9D19-386B-9AC59F61219C}.Release|Any CPU.ActiveCfg = Release|Any CPU
		{2DB64D02-D460-9D19-386B-9AC59F61219C}.Release|Any CPU.Build.0 = Release|Any CPU
		{E321F23D-1D8C-569C-AF1F-ECD8BF77128C}.Debug|Any CPU.ActiveCfg = Debug|Any CPU
		{E321F23D-1D8C-569C-AF1F-ECD8BF77128C}.Debug|Any CPU.Build.0 = Debug|Any CPU
		{E321F23D-1D8C-569C-AF1F-ECD8BF77128C}.Release|Any CPU.ActiveCfg = Release|Any CPU
		{E321F23D-1D8C-569C-AF1F-ECD8BF77128C}.Release|Any CPU.Build.0 = Release|Any CPU
		{2C772F65-C024-E164-1BB0-887ACEF92AFA}.Debug|Any CPU.ActiveCfg = Debug|Any CPU
		{2C772F65-C024-E164-1BB0-887ACEF92AFA}.Debug|Any CPU.Build.0 = Debug|Any CPU
		{2C772F65-C024-E164-1BB0-887ACEF92AFA}.Release|Any CPU.ActiveCfg = Release|Any CPU
		{2C772F65-C024-E164-1BB0-887ACEF92AFA}.Release|Any CPU.Build.0 = Release|Any CPU
		{9A5A1C8F-40C0-CA98-1D15-ABD537AD07B7}.Debug|Any CPU.ActiveCfg = Debug|Any CPU
		{9A5A1C8F-40C0-CA98-1D15-ABD537AD07B7}.Debug|Any CPU.Build.0 = Debug|Any CPU
		{9A5A1C8F-40C0-CA98-1D15-ABD537AD07B7}.Release|Any CPU.ActiveCfg = Release|Any CPU
		{9A5A1C8F-40C0-CA98-1D15-ABD537AD07B7}.Release|Any CPU.Build.0 = Release|Any CPU
		{9379868E-16FB-B308-4B22-D74BDC1EC93C}.Debug|Any CPU.ActiveCfg = Debug|Any CPU
		{9379868E-16FB-B308-4B22-D74BDC1EC93C}.Debug|Any CPU.Build.0 = Debug|Any CPU
		{9379868E-16FB-B308-4B22-D74BDC1EC93C}.Release|Any CPU.ActiveCfg = Release|Any CPU
		{9379868E-16FB-B308-4B22-D74BDC1EC93C}.Release|Any CPU.Build.0 = Release|Any CPU
		{985048AF-75C3-A46F-9486-D8B04B39D6DD}.Debug|Any CPU.ActiveCfg = Debug|Any CPU
		{985048AF-75C3-A46F-9486-D8B04B39D6DD}.Debug|Any CPU.Build.0 = Debug|Any CPU
		{985048AF-75C3-A46F-9486-D8B04B39D6DD}.Release|Any CPU.ActiveCfg = Release|Any CPU
		{985048AF-75C3-A46F-9486-D8B04B39D6DD}.Release|Any CPU.Build.0 = Release|Any CPU
		{50FEE7B5-4E3A-3D5B-304C-20FFE250B899}.Debug|Any CPU.ActiveCfg = Debug|Any CPU
		{50FEE7B5-4E3A-3D5B-304C-20FFE250B899}.Debug|Any CPU.Build.0 = Debug|Any CPU
		{50FEE7B5-4E3A-3D5B-304C-20FFE250B899}.Release|Any CPU.ActiveCfg = Release|Any CPU
		{50FEE7B5-4E3A-3D5B-304C-20FFE250B899}.Release|Any CPU.Build.0 = Release|Any CPU
		{174E5D36-4269-8623-AB3B-131FE036BC14}.Debug|Any CPU.ActiveCfg = Debug|Any CPU
		{174E5D36-4269-8623-AB3B-131FE036BC14}.Debug|Any CPU.Build.0 = Debug|Any CPU
		{174E5D36-4269-8623-AB3B-131FE036BC14}.Release|Any CPU.ActiveCfg = Release|Any CPU
		{174E5D36-4269-8623-AB3B-131FE036BC14}.Release|Any CPU.Build.0 = Release|Any CPU
		{E571E0AD-A012-5383-0C9F-1302DD00C8F4}.Debug|Any CPU.ActiveCfg = Debug|Any CPU
		{E571E0AD-A012-5383-0C9F-1302DD00C8F4}.Debug|Any CPU.Build.0 = Debug|Any CPU
		{E571E0AD-A012-5383-0C9F-1302DD00C8F4}.Release|Any CPU.ActiveCfg = Release|Any CPU
		{E571E0AD-A012-5383-0C9F-1302DD00C8F4}.Release|Any CPU.Build.0 = Release|Any CPU
		{86479EE8-0FA1-78BD-1E8E-3B528D5EA965}.Debug|Any CPU.ActiveCfg = Debug|Any CPU
		{86479EE8-0FA1-78BD-1E8E-3B528D5EA965}.Debug|Any CPU.Build.0 = Debug|Any CPU
		{86479EE8-0FA1-78BD-1E8E-3B528D5EA965}.Release|Any CPU.ActiveCfg = Release|Any CPU
		{86479EE8-0FA1-78BD-1E8E-3B528D5EA965}.Release|Any CPU.Build.0 = Release|Any CPU
		{276B5CFC-5027-AF81-AD9E-E4991105F75F}.Debug|Any CPU.ActiveCfg = Debug|Any CPU
		{276B5CFC-5027-AF81-AD9E-E4991105F75F}.Debug|Any CPU.Build.0 = Debug|Any CPU
		{276B5CFC-5027-AF81-AD9E-E4991105F75F}.Release|Any CPU.ActiveCfg = Release|Any CPU
		{276B5CFC-5027-AF81-AD9E-E4991105F75F}.Release|Any CPU.Build.0 = Release|Any CPU
		{A313C6B9-EFD5-D664-F183-21B488B854DB}.Debug|Any CPU.ActiveCfg = Debug|Any CPU
		{A313C6B9-EFD5-D664-F183-21B488B854DB}.Debug|Any CPU.Build.0 = Debug|Any CPU
		{A313C6B9-EFD5-D664-F183-21B488B854DB}.Release|Any CPU.ActiveCfg = Release|Any CPU
		{A313C6B9-EFD5-D664-F183-21B488B854DB}.Release|Any CPU.Build.0 = Release|Any CPU
		{38EE231F-224C-CE9A-6B9A-D8CB93ADC447}.Debug|Any CPU.ActiveCfg = Debug|Any CPU
		{38EE231F-224C-CE9A-6B9A-D8CB93ADC447}.Debug|Any CPU.Build.0 = Debug|Any CPU
		{38EE231F-224C-CE9A-6B9A-D8CB93ADC447}.Release|Any CPU.ActiveCfg = Release|Any CPU
		{38EE231F-224C-CE9A-6B9A-D8CB93ADC447}.Release|Any CPU.Build.0 = Release|Any CPU
		{304DB16F-0E0A-CEB8-CD14-B8284F7BDA5F}.Debug|Any CPU.ActiveCfg = Debug|Any CPU
		{304DB16F-0E0A-CEB8-CD14-B8284F7BDA5F}.Debug|Any CPU.Build.0 = Debug|Any CPU
		{304DB16F-0E0A-CEB8-CD14-B8284F7BDA5F}.Release|Any CPU.ActiveCfg = Release|Any CPU
		{304DB16F-0E0A-CEB8-CD14-B8284F7BDA5F}.Release|Any CPU.Build.0 = Release|Any CPU
		{1A0256E2-73C0-F034-E51C-7FD46908D397}.Debug|Any CPU.ActiveCfg = Debug|Any CPU
		{1A0256E2-73C0-F034-E51C-7FD46908D397}.Debug|Any CPU.Build.0 = Debug|Any CPU
		{1A0256E2-73C0-F034-E51C-7FD46908D397}.Release|Any CPU.ActiveCfg = Release|Any CPU
		{1A0256E2-73C0-F034-E51C-7FD46908D397}.Release|Any CPU.Build.0 = Release|Any CPU
		{58D9A894-32EF-940A-E535-073EF22F3368}.Debug|Any CPU.ActiveCfg = Debug|Any CPU
		{58D9A894-32EF-940A-E535-073EF22F3368}.Debug|Any CPU.Build.0 = Debug|Any CPU
		{58D9A894-32EF-940A-E535-073EF22F3368}.Release|Any CPU.ActiveCfg = Release|Any CPU
		{58D9A894-32EF-940A-E535-073EF22F3368}.Release|Any CPU.Build.0 = Release|Any CPU
		{CB6F0965-A5DA-53F0-1939-0836921BD4FA}.Debug|Any CPU.ActiveCfg = Debug|Any CPU
		{CB6F0965-A5DA-53F0-1939-0836921BD4FA}.Debug|Any CPU.Build.0 = Debug|Any CPU
		{CB6F0965-A5DA-53F0-1939-0836921BD4FA}.Release|Any CPU.ActiveCfg = Release|Any CPU
		{CB6F0965-A5DA-53F0-1939-0836921BD4FA}.Release|Any CPU.Build.0 = Release|Any CPU
		{803CBC82-43AA-2944-B09D-7952F19DEC1E}.Debug|Any CPU.ActiveCfg = Debug|Any CPU
		{803CBC82-43AA-2944-B09D-7952F19DEC1E}.Debug|Any CPU.Build.0 = Debug|Any CPU
		{803CBC82-43AA-2944-B09D-7952F19DEC1E}.Release|Any CPU.ActiveCfg = Release|Any CPU
		{803CBC82-43AA-2944-B09D-7952F19DEC1E}.Release|Any CPU.Build.0 = Release|Any CPU
		{6AA5642C-5F4C-675A-0299-F3BB6D577C3D}.Debug|Any CPU.ActiveCfg = Debug|Any CPU
		{6AA5642C-5F4C-675A-0299-F3BB6D577C3D}.Debug|Any CPU.Build.0 = Debug|Any CPU
		{6AA5642C-5F4C-675A-0299-F3BB6D577C3D}.Release|Any CPU.ActiveCfg = Release|Any CPU
		{6AA5642C-5F4C-675A-0299-F3BB6D577C3D}.Release|Any CPU.Build.0 = Release|Any CPU
		{F7091EAA-A6CF-AAF1-377C-BFCBDED14FE2}.Debug|Any CPU.ActiveCfg = Debug|Any CPU
		{F7091EAA-A6CF-AAF1-377C-BFCBDED14FE2}.Debug|Any CPU.Build.0 = Debug|Any CPU
		{F7091EAA-A6CF-AAF1-377C-BFCBDED14FE2}.Release|Any CPU.ActiveCfg = Release|Any CPU
		{F7091EAA-A6CF-AAF1-377C-BFCBDED14FE2}.Release|Any CPU.Build.0 = Release|Any CPU
		{A1A56A73-4205-4695-8470-9A34D27F9655}.Debug|Any CPU.ActiveCfg = Debug|Any CPU
		{A1A56A73-4205-4695-8470-9A34D27F9655}.Debug|Any CPU.Build.0 = Debug|Any CPU
		{A1A56A73-4205-4695-8470-9A34D27F9655}.Release|Any CPU.ActiveCfg = Release|Any CPU
		{A1A56A73-4205-4695-8470-9A34D27F9655}.Release|Any CPU.Build.0 = Release|Any CPU
		{46BB9468-AF1E-99BE-E48B-C355121FC829}.Debug|Any CPU.ActiveCfg = Debug|Any CPU
		{46BB9468-AF1E-99BE-E48B-C355121FC829}.Debug|Any CPU.Build.0 = Debug|Any CPU
		{46BB9468-AF1E-99BE-E48B-C355121FC829}.Release|Any CPU.ActiveCfg = Release|Any CPU
		{46BB9468-AF1E-99BE-E48B-C355121FC829}.Release|Any CPU.Build.0 = Release|Any CPU
		{89DAD884-C961-AFE2-2244-3324092BC84B}.Debug|Any CPU.ActiveCfg = Debug|Any CPU
		{89DAD884-C961-AFE2-2244-3324092BC84B}.Debug|Any CPU.Build.0 = Debug|Any CPU
		{89DAD884-C961-AFE2-2244-3324092BC84B}.Release|Any CPU.ActiveCfg = Release|Any CPU
		{89DAD884-C961-AFE2-2244-3324092BC84B}.Release|Any CPU.Build.0 = Release|Any CPU
		{FDDC4FAD-ED65-1EDB-FB9E-E7141C93A17F}.Debug|Any CPU.ActiveCfg = Debug|Any CPU
		{FDDC4FAD-ED65-1EDB-FB9E-E7141C93A17F}.Debug|Any CPU.Build.0 = Debug|Any CPU
		{FDDC4FAD-ED65-1EDB-FB9E-E7141C93A17F}.Release|Any CPU.ActiveCfg = Release|Any CPU
		{FDDC4FAD-ED65-1EDB-FB9E-E7141C93A17F}.Release|Any CPU.Build.0 = Release|Any CPU
		{35763975-3136-D51C-6AAF-63BD5D140FEA}.Debug|Any CPU.ActiveCfg = Debug|Any CPU
		{35763975-3136-D51C-6AAF-63BD5D140FEA}.Debug|Any CPU.Build.0 = Debug|Any CPU
		{35763975-3136-D51C-6AAF-63BD5D140FEA}.Release|Any CPU.ActiveCfg = Release|Any CPU
		{35763975-3136-D51C-6AAF-63BD5D140FEA}.Release|Any CPU.Build.0 = Release|Any CPU
		{B0F1CD5D-92AF-96F3-A70B-E982D06C9C4F}.Debug|Any CPU.ActiveCfg = Debug|Any CPU
		{B0F1CD5D-92AF-96F3-A70B-E982D06C9C4F}.Debug|Any CPU.Build.0 = Debug|Any CPU
		{B0F1CD5D-92AF-96F3-A70B-E982D06C9C4F}.Release|Any CPU.ActiveCfg = Release|Any CPU
		{B0F1CD5D-92AF-96F3-A70B-E982D06C9C4F}.Release|Any CPU.Build.0 = Release|Any CPU
		{D8ECDAB4-0CAE-751A-83F3-3FB186B4041F}.Debug|Any CPU.ActiveCfg = Debug|Any CPU
		{D8ECDAB4-0CAE-751A-83F3-3FB186B4041F}.Debug|Any CPU.Build.0 = Debug|Any CPU
		{D8ECDAB4-0CAE-751A-83F3-3FB186B4041F}.Release|Any CPU.ActiveCfg = Release|Any CPU
		{D8ECDAB4-0CAE-751A-83F3-3FB186B4041F}.Release|Any CPU.Build.0 = Release|Any CPU
		{C02CCE52-C1D9-F778-E00E-93DDBF8FD8A0}.Debug|Any CPU.ActiveCfg = Debug|Any CPU
		{C02CCE52-C1D9-F778-E00E-93DDBF8FD8A0}.Debug|Any CPU.Build.0 = Debug|Any CPU
		{C02CCE52-C1D9-F778-E00E-93DDBF8FD8A0}.Release|Any CPU.ActiveCfg = Release|Any CPU
		{C02CCE52-C1D9-F778-E00E-93DDBF8FD8A0}.Release|Any CPU.Build.0 = Release|Any CPU
		{7D461F43-AA13-BB7A-7835-37F13FB811D3}.Debug|Any CPU.ActiveCfg = Debug|Any CPU
		{7D461F43-AA13-BB7A-7835-37F13FB811D3}.Debug|Any CPU.Build.0 = Debug|Any CPU
		{7D461F43-AA13-BB7A-7835-37F13FB811D3}.Release|Any CPU.ActiveCfg = Release|Any CPU
		{7D461F43-AA13-BB7A-7835-37F13FB811D3}.Release|Any CPU.Build.0 = Release|Any CPU
		{BF709A50-CE78-0CE4-00C8-F2131F1F87E2}.Debug|Any CPU.ActiveCfg = Debug|Any CPU
		{BF709A50-CE78-0CE4-00C8-F2131F1F87E2}.Debug|Any CPU.Build.0 = Debug|Any CPU
		{BF709A50-CE78-0CE4-00C8-F2131F1F87E2}.Release|Any CPU.ActiveCfg = Release|Any CPU
		{BF709A50-CE78-0CE4-00C8-F2131F1F87E2}.Release|Any CPU.Build.0 = Release|Any CPU
		{912A304C-972C-B251-AC6D-1FCC96B4D079}.Debug|Any CPU.ActiveCfg = Debug|Any CPU
		{912A304C-972C-B251-AC6D-1FCC96B4D079}.Debug|Any CPU.Build.0 = Debug|Any CPU
		{912A304C-972C-B251-AC6D-1FCC96B4D079}.Release|Any CPU.ActiveCfg = Release|Any CPU
		{912A304C-972C-B251-AC6D-1FCC96B4D079}.Release|Any CPU.Build.0 = Release|Any CPU
		{EAEBCDB7-A984-EF54-85FF-4870D905D1AA}.Debug|Any CPU.ActiveCfg = Debug|Any CPU
		{EAEBCDB7-A984-EF54-85FF-4870D905D1AA}.Debug|Any CPU.Build.0 = Debug|Any CPU
		{EAEBCDB7-A984-EF54-85FF-4870D905D1AA}.Release|Any CPU.ActiveCfg = Release|Any CPU
		{EAEBCDB7-A984-EF54-85FF-4870D905D1AA}.Release|Any CPU.Build.0 = Release|Any CPU
		{2822D6EB-138B-F5CB-D687-0A00720636BB}.Debug|Any CPU.ActiveCfg = Debug|Any CPU
		{2822D6EB-138B-F5CB-D687-0A00720636BB}.Debug|Any CPU.Build.0 = Debug|Any CPU
		{2822D6EB-138B-F5CB-D687-0A00720636BB}.Release|Any CPU.ActiveCfg = Release|Any CPU
		{2822D6EB-138B-F5CB-D687-0A00720636BB}.Release|Any CPU.Build.0 = Release|Any CPU
		{FA255007-383E-CD84-0D00-4F167F5ED563}.Debug|Any CPU.ActiveCfg = Debug|Any CPU
		{FA255007-383E-CD84-0D00-4F167F5ED563}.Debug|Any CPU.Build.0 = Debug|Any CPU
		{FA255007-383E-CD84-0D00-4F167F5ED563}.Release|Any CPU.ActiveCfg = Release|Any CPU
		{FA255007-383E-CD84-0D00-4F167F5ED563}.Release|Any CPU.Build.0 = Release|Any CPU
		{EEF4777C-E960-3379-F55E-8F72D63E9B62}.Debug|Any CPU.ActiveCfg = Debug|Any CPU
		{EEF4777C-E960-3379-F55E-8F72D63E9B62}.Debug|Any CPU.Build.0 = Debug|Any CPU
		{EEF4777C-E960-3379-F55E-8F72D63E9B62}.Release|Any CPU.ActiveCfg = Release|Any CPU
		{EEF4777C-E960-3379-F55E-8F72D63E9B62}.Release|Any CPU.Build.0 = Release|Any CPU
		{7F70E054-1506-D645-24EE-3A26D7DE1482}.Debug|Any CPU.ActiveCfg = Debug|Any CPU
		{7F70E054-1506-D645-24EE-3A26D7DE1482}.Debug|Any CPU.Build.0 = Debug|Any CPU
		{7F70E054-1506-D645-24EE-3A26D7DE1482}.Release|Any CPU.ActiveCfg = Release|Any CPU
		{7F70E054-1506-D645-24EE-3A26D7DE1482}.Release|Any CPU.Build.0 = Release|Any CPU
		{EE594FA0-173F-EA47-3FBA-B0D321BD3F29}.Debug|Any CPU.ActiveCfg = Debug|Any CPU
		{EE594FA0-173F-EA47-3FBA-B0D321BD3F29}.Debug|Any CPU.Build.0 = Debug|Any CPU
		{EE594FA0-173F-EA47-3FBA-B0D321BD3F29}.Release|Any CPU.ActiveCfg = Release|Any CPU
		{EE594FA0-173F-EA47-3FBA-B0D321BD3F29}.Release|Any CPU.Build.0 = Release|Any CPU
		{617750C4-70E7-D7BD-1A71-6889744B980C}.Debug|Any CPU.ActiveCfg = Debug|Any CPU
		{617750C4-70E7-D7BD-1A71-6889744B980C}.Debug|Any CPU.Build.0 = Debug|Any CPU
		{617750C4-70E7-D7BD-1A71-6889744B980C}.Release|Any CPU.ActiveCfg = Release|Any CPU
		{617750C4-70E7-D7BD-1A71-6889744B980C}.Release|Any CPU.Build.0 = Release|Any CPU
		{A81120CE-9F25-BDC0-14CB-EDF6AEA6CC17}.Debug|Any CPU.ActiveCfg = Debug|Any CPU
		{A81120CE-9F25-BDC0-14CB-EDF6AEA6CC17}.Debug|Any CPU.Build.0 = Debug|Any CPU
		{A81120CE-9F25-BDC0-14CB-EDF6AEA6CC17}.Release|Any CPU.ActiveCfg = Release|Any CPU
		{A81120CE-9F25-BDC0-14CB-EDF6AEA6CC17}.Release|Any CPU.Build.0 = Release|Any CPU
		{582644D5-C002-752A-C164-16D522A1FDAC}.Debug|Any CPU.ActiveCfg = Debug|Any CPU
		{582644D5-C002-752A-C164-16D522A1FDAC}.Debug|Any CPU.Build.0 = Debug|Any CPU
		{582644D5-C002-752A-C164-16D522A1FDAC}.Release|Any CPU.ActiveCfg = Release|Any CPU
		{582644D5-C002-752A-C164-16D522A1FDAC}.Release|Any CPU.Build.0 = Release|Any CPU
		{046B2001-8D28-E446-84E4-2ACF479B79E1}.Debug|Any CPU.ActiveCfg = Debug|Any CPU
		{046B2001-8D28-E446-84E4-2ACF479B79E1}.Debug|Any CPU.Build.0 = Debug|Any CPU
		{046B2001-8D28-E446-84E4-2ACF479B79E1}.Release|Any CPU.ActiveCfg = Release|Any CPU
		{046B2001-8D28-E446-84E4-2ACF479B79E1}.Release|Any CPU.Build.0 = Release|Any CPU
		{27F7A1CB-1A5A-2504-0831-EB7F80F9D3E9}.Debug|Any CPU.ActiveCfg = Debug|Any CPU
		{27F7A1CB-1A5A-2504-0831-EB7F80F9D3E9}.Debug|Any CPU.Build.0 = Debug|Any CPU
		{27F7A1CB-1A5A-2504-0831-EB7F80F9D3E9}.Release|Any CPU.ActiveCfg = Release|Any CPU
		{27F7A1CB-1A5A-2504-0831-EB7F80F9D3E9}.Release|Any CPU.Build.0 = Release|Any CPU
		{7FF14989-BA9F-8C69-6965-AAC0EDC3C32A}.Debug|Any CPU.ActiveCfg = Debug|Any CPU
		{7FF14989-BA9F-8C69-6965-AAC0EDC3C32A}.Debug|Any CPU.Build.0 = Debug|Any CPU
		{7FF14989-BA9F-8C69-6965-AAC0EDC3C32A}.Release|Any CPU.ActiveCfg = Release|Any CPU
		{7FF14989-BA9F-8C69-6965-AAC0EDC3C32A}.Release|Any CPU.Build.0 = Release|Any CPU
		{D75667B7-4CF6-D343-8759-0F97A5E0B2C8}.Debug|Any CPU.ActiveCfg = Debug|Any CPU
		{D75667B7-4CF6-D343-8759-0F97A5E0B2C8}.Debug|Any CPU.Build.0 = Debug|Any CPU
		{D75667B7-4CF6-D343-8759-0F97A5E0B2C8}.Release|Any CPU.ActiveCfg = Release|Any CPU
		{D75667B7-4CF6-D343-8759-0F97A5E0B2C8}.Release|Any CPU.Build.0 = Release|Any CPU
		{81BDE196-0333-F3A1-4BFA-36D75535764B}.Debug|Any CPU.ActiveCfg = Debug|Any CPU
		{81BDE196-0333-F3A1-4BFA-36D75535764B}.Debug|Any CPU.Build.0 = Debug|Any CPU
		{81BDE196-0333-F3A1-4BFA-36D75535764B}.Release|Any CPU.ActiveCfg = Release|Any CPU
		{81BDE196-0333-F3A1-4BFA-36D75535764B}.Release|Any CPU.Build.0 = Release|Any CPU
		{D99B6DB3-D614-6796-C964-A5D381214670}.Debug|Any CPU.ActiveCfg = Debug|Any CPU
		{D99B6DB3-D614-6796-C964-A5D381214670}.Debug|Any CPU.Build.0 = Debug|Any CPU
		{D99B6DB3-D614-6796-C964-A5D381214670}.Release|Any CPU.ActiveCfg = Release|Any CPU
		{D99B6DB3-D614-6796-C964-A5D381214670}.Release|Any CPU.Build.0 = Release|Any CPU
		{0B55B876-6FD0-E823-DD2D-AFA009BDD3BB}.Debug|Any CPU.ActiveCfg = Debug|Any CPU
		{0B55B876-6FD0-E823-DD2D-AFA009BDD3BB}.Debug|Any CPU.Build.0 = Debug|Any CPU
		{0B55B876-6FD0-E823-DD2D-AFA009BDD3BB}.Release|Any CPU.ActiveCfg = Release|Any CPU
		{0B55B876-6FD0-E823-DD2D-AFA009BDD3BB}.Release|Any CPU.Build.0 = Release|Any CPU
		{B2C3D350-D974-766F-9E93-296755CC1F54}.Debug|Any CPU.ActiveCfg = Debug|Any CPU
		{B2C3D350-D974-766F-9E93-296755CC1F54}.Debug|Any CPU.Build.0 = Debug|Any CPU
		{B2C3D350-D974-766F-9E93-296755CC1F54}.Release|Any CPU.ActiveCfg = Release|Any CPU
		{B2C3D350-D974-766F-9E93-296755CC1F54}.Release|Any CPU.Build.0 = Release|Any CPU
		{5AB649D5-5D64-3AC5-E4B5-FBD6571B9058}.Debug|Any CPU.ActiveCfg = Debug|Any CPU
		{5AB649D5-5D64-3AC5-E4B5-FBD6571B9058}.Debug|Any CPU.Build.0 = Debug|Any CPU
		{5AB649D5-5D64-3AC5-E4B5-FBD6571B9058}.Release|Any CPU.ActiveCfg = Release|Any CPU
		{5AB649D5-5D64-3AC5-E4B5-FBD6571B9058}.Release|Any CPU.Build.0 = Release|Any CPU
		{BA275791-364F-1EF2-8828-5533EBB097A5}.Debug|Any CPU.ActiveCfg = Debug|Any CPU
		{BA275791-364F-1EF2-8828-5533EBB097A5}.Debug|Any CPU.Build.0 = Debug|Any CPU
		{BA275791-364F-1EF2-8828-5533EBB097A5}.Release|Any CPU.ActiveCfg = Release|Any CPU
		{BA275791-364F-1EF2-8828-5533EBB097A5}.Release|Any CPU.Build.0 = Release|Any CPU
		{0AE27D38-3FCA-06BF-88FA-047EB115A044}.Debug|Any CPU.ActiveCfg = Debug|Any CPU
		{0AE27D38-3FCA-06BF-88FA-047EB115A044}.Debug|Any CPU.Build.0 = Debug|Any CPU
		{0AE27D38-3FCA-06BF-88FA-047EB115A044}.Release|Any CPU.ActiveCfg = Release|Any CPU
		{0AE27D38-3FCA-06BF-88FA-047EB115A044}.Release|Any CPU.Build.0 = Release|Any CPU
		{FAD49458-E08C-0642-0D20-69E8CE9765C7}.Debug|Any CPU.ActiveCfg = Debug|Any CPU
		{FAD49458-E08C-0642-0D20-69E8CE9765C7}.Debug|Any CPU.Build.0 = Debug|Any CPU
		{FAD49458-E08C-0642-0D20-69E8CE9765C7}.Release|Any CPU.ActiveCfg = Release|Any CPU
		{FAD49458-E08C-0642-0D20-69E8CE9765C7}.Release|Any CPU.Build.0 = Release|Any CPU
		{5801242E-0838-3F92-1367-17E109F5FAEE}.Debug|Any CPU.ActiveCfg = Debug|Any CPU
		{5801242E-0838-3F92-1367-17E109F5FAEE}.Debug|Any CPU.Build.0 = Debug|Any CPU
		{5801242E-0838-3F92-1367-17E109F5FAEE}.Release|Any CPU.ActiveCfg = Release|Any CPU
		{5801242E-0838-3F92-1367-17E109F5FAEE}.Release|Any CPU.Build.0 = Release|Any CPU
		{4D23A9B0-2E07-FF72-8562-9D003A50AB3E}.Debug|Any CPU.ActiveCfg = Debug|Any CPU
		{4D23A9B0-2E07-FF72-8562-9D003A50AB3E}.Debug|Any CPU.Build.0 = Debug|Any CPU
		{4D23A9B0-2E07-FF72-8562-9D003A50AB3E}.Release|Any CPU.ActiveCfg = Release|Any CPU
		{4D23A9B0-2E07-FF72-8562-9D003A50AB3E}.Release|Any CPU.Build.0 = Release|Any CPU
		{4F9EE653-DCF0-F265-932B-F974398FE731}.Debug|Any CPU.ActiveCfg = Debug|Any CPU
		{4F9EE653-DCF0-F265-932B-F974398FE731}.Debug|Any CPU.Build.0 = Debug|Any CPU
		{4F9EE653-DCF0-F265-932B-F974398FE731}.Release|Any CPU.ActiveCfg = Release|Any CPU
		{4F9EE653-DCF0-F265-932B-F974398FE731}.Release|Any CPU.Build.0 = Release|Any CPU
		{02040FAB-7D95-CC66-AAC3-AA4717937814}.Debug|Any CPU.ActiveCfg = Debug|Any CPU
		{02040FAB-7D95-CC66-AAC3-AA4717937814}.Debug|Any CPU.Build.0 = Debug|Any CPU
		{02040FAB-7D95-CC66-AAC3-AA4717937814}.Release|Any CPU.ActiveCfg = Release|Any CPU
		{02040FAB-7D95-CC66-AAC3-AA4717937814}.Release|Any CPU.Build.0 = Release|Any CPU
		{00EF2A68-24D5-B986-FE9E-81C26B07F32B}.Debug|Any CPU.ActiveCfg = Debug|Any CPU
		{00EF2A68-24D5-B986-FE9E-81C26B07F32B}.Debug|Any CPU.Build.0 = Debug|Any CPU
		{00EF2A68-24D5-B986-FE9E-81C26B07F32B}.Release|Any CPU.ActiveCfg = Release|Any CPU
		{00EF2A68-24D5-B986-FE9E-81C26B07F32B}.Release|Any CPU.Build.0 = Release|Any CPU
		{38570AE9-CB11-6705-C7E7-3D1F335DE174}.Debug|Any CPU.ActiveCfg = Debug|Any CPU
		{38570AE9-CB11-6705-C7E7-3D1F335DE174}.Debug|Any CPU.Build.0 = Debug|Any CPU
		{38570AE9-CB11-6705-C7E7-3D1F335DE174}.Release|Any CPU.ActiveCfg = Release|Any CPU
		{38570AE9-CB11-6705-C7E7-3D1F335DE174}.Release|Any CPU.Build.0 = Release|Any CPU
		{3E86AB8B-122E-E060-EFB3-D01C2E4EB886}.Debug|Any CPU.ActiveCfg = Debug|Any CPU
		{3E86AB8B-122E-E060-EFB3-D01C2E4EB886}.Debug|Any CPU.Build.0 = Debug|Any CPU
		{3E86AB8B-122E-E060-EFB3-D01C2E4EB886}.Release|Any CPU.ActiveCfg = Release|Any CPU
		{3E86AB8B-122E-E060-EFB3-D01C2E4EB886}.Release|Any CPU.Build.0 = Release|Any CPU
		{3B1B843D-0630-B45E-CCA7-B9643BDDE4CB}.Debug|Any CPU.ActiveCfg = Debug|Any CPU
		{3B1B843D-0630-B45E-CCA7-B9643BDDE4CB}.Debug|Any CPU.Build.0 = Debug|Any CPU
		{3B1B843D-0630-B45E-CCA7-B9643BDDE4CB}.Release|Any CPU.ActiveCfg = Release|Any CPU
		{3B1B843D-0630-B45E-CCA7-B9643BDDE4CB}.Release|Any CPU.Build.0 = Release|Any CPU
		{B563E4BB-A09A-1B56-1CB2-F284EC84CB55}.Debug|Any CPU.ActiveCfg = Debug|Any CPU
		{B563E4BB-A09A-1B56-1CB2-F284EC84CB55}.Debug|Any CPU.Build.0 = Debug|Any CPU
		{B563E4BB-A09A-1B56-1CB2-F284EC84CB55}.Release|Any CPU.ActiveCfg = Release|Any CPU
		{B563E4BB-A09A-1B56-1CB2-F284EC84CB55}.Release|Any CPU.Build.0 = Release|Any CPU
		{217B4763-07AD-75F9-F64E-D6807B7B2C1A}.Debug|Any CPU.ActiveCfg = Debug|Any CPU
		{217B4763-07AD-75F9-F64E-D6807B7B2C1A}.Debug|Any CPU.Build.0 = Debug|Any CPU
		{217B4763-07AD-75F9-F64E-D6807B7B2C1A}.Release|Any CPU.ActiveCfg = Release|Any CPU
		{217B4763-07AD-75F9-F64E-D6807B7B2C1A}.Release|Any CPU.Build.0 = Release|Any CPU
		{56A492E4-323C-D8F9-C288-951C6E4AD061}.Debug|Any CPU.ActiveCfg = Debug|Any CPU
		{56A492E4-323C-D8F9-C288-951C6E4AD061}.Debug|Any CPU.Build.0 = Debug|Any CPU
		{56A492E4-323C-D8F9-C288-951C6E4AD061}.Release|Any CPU.ActiveCfg = Release|Any CPU
		{56A492E4-323C-D8F9-C288-951C6E4AD061}.Release|Any CPU.Build.0 = Release|Any CPU
		{B8DB5B6E-561E-E81B-2E53-BCA678E07F8D}.Debug|Any CPU.ActiveCfg = Debug|Any CPU
		{B8DB5B6E-561E-E81B-2E53-BCA678E07F8D}.Debug|Any CPU.Build.0 = Debug|Any CPU
		{B8DB5B6E-561E-E81B-2E53-BCA678E07F8D}.Release|Any CPU.ActiveCfg = Release|Any CPU
		{B8DB5B6E-561E-E81B-2E53-BCA678E07F8D}.Release|Any CPU.Build.0 = Release|Any CPU
		{7C3F6BD5-61D7-DBA0-8D2B-7BBF943742D8}.Debug|Any CPU.ActiveCfg = Debug|Any CPU
		{7C3F6BD5-61D7-DBA0-8D2B-7BBF943742D8}.Debug|Any CPU.Build.0 = Debug|Any CPU
		{7C3F6BD5-61D7-DBA0-8D2B-7BBF943742D8}.Release|Any CPU.ActiveCfg = Release|Any CPU
		{7C3F6BD5-61D7-DBA0-8D2B-7BBF943742D8}.Release|Any CPU.Build.0 = Release|Any CPU
		{ACCB0031-80E9-1095-DD62-516982CFB083}.Debug|Any CPU.ActiveCfg = Debug|Any CPU
		{ACCB0031-80E9-1095-DD62-516982CFB083}.Debug|Any CPU.Build.0 = Debug|Any CPU
		{ACCB0031-80E9-1095-DD62-516982CFB083}.Release|Any CPU.ActiveCfg = Release|Any CPU
		{ACCB0031-80E9-1095-DD62-516982CFB083}.Release|Any CPU.Build.0 = Release|Any CPU
		{B9AA5595-5BD3-F17C-AC2F-29DD25384FD6}.Debug|Any CPU.ActiveCfg = Debug|Any CPU
		{B9AA5595-5BD3-F17C-AC2F-29DD25384FD6}.Debug|Any CPU.Build.0 = Debug|Any CPU
		{B9AA5595-5BD3-F17C-AC2F-29DD25384FD6}.Release|Any CPU.ActiveCfg = Release|Any CPU
		{B9AA5595-5BD3-F17C-AC2F-29DD25384FD6}.Release|Any CPU.Build.0 = Release|Any CPU
		{F25E3CF0-7DEC-6D94-BF9C-22F5FFD8536F}.Debug|Any CPU.ActiveCfg = Debug|Any CPU
		{F25E3CF0-7DEC-6D94-BF9C-22F5FFD8536F}.Debug|Any CPU.Build.0 = Debug|Any CPU
		{F25E3CF0-7DEC-6D94-BF9C-22F5FFD8536F}.Release|Any CPU.ActiveCfg = Release|Any CPU
		{F25E3CF0-7DEC-6D94-BF9C-22F5FFD8536F}.Release|Any CPU.Build.0 = Release|Any CPU
		{68ECBE5F-2BE0-8D7F-733D-79BA8EEB71D8}.Debug|Any CPU.ActiveCfg = Debug|Any CPU
		{68ECBE5F-2BE0-8D7F-733D-79BA8EEB71D8}.Debug|Any CPU.Build.0 = Debug|Any CPU
		{68ECBE5F-2BE0-8D7F-733D-79BA8EEB71D8}.Release|Any CPU.ActiveCfg = Release|Any CPU
		{68ECBE5F-2BE0-8D7F-733D-79BA8EEB71D8}.Release|Any CPU.Build.0 = Release|Any CPU
		{8C038F27-5BD0-353A-C25B-540B37EA7F96}.Debug|Any CPU.ActiveCfg = Debug|Any CPU
		{8C038F27-5BD0-353A-C25B-540B37EA7F96}.Debug|Any CPU.Build.0 = Debug|Any CPU
		{8C038F27-5BD0-353A-C25B-540B37EA7F96}.Release|Any CPU.ActiveCfg = Release|Any CPU
		{8C038F27-5BD0-353A-C25B-540B37EA7F96}.Release|Any CPU.Build.0 = Release|Any CPU
		{23B6CA34-BF95-1F5E-CF82-38DBCDE7CE22}.Debug|Any CPU.ActiveCfg = Debug|Any CPU
		{23B6CA34-BF95-1F5E-CF82-38DBCDE7CE22}.Debug|Any CPU.Build.0 = Debug|Any CPU
		{23B6CA34-BF95-1F5E-CF82-38DBCDE7CE22}.Release|Any CPU.ActiveCfg = Release|Any CPU
		{23B6CA34-BF95-1F5E-CF82-38DBCDE7CE22}.Release|Any CPU.Build.0 = Release|Any CPU
		{03C4B1ED-8F29-5789-745D-FDCF26F08B08}.Debug|Any CPU.ActiveCfg = Debug|Any CPU
		{03C4B1ED-8F29-5789-745D-FDCF26F08B08}.Debug|Any CPU.Build.0 = Debug|Any CPU
		{03C4B1ED-8F29-5789-745D-FDCF26F08B08}.Release|Any CPU.ActiveCfg = Release|Any CPU
		{03C4B1ED-8F29-5789-745D-FDCF26F08B08}.Release|Any CPU.Build.0 = Release|Any CPU
		{00ED8E94-46E2-FDBC-2A22-C781DFB2612B}.Debug|Any CPU.ActiveCfg = Debug|Any CPU
		{00ED8E94-46E2-FDBC-2A22-C781DFB2612B}.Debug|Any CPU.Build.0 = Debug|Any CPU
		{00ED8E94-46E2-FDBC-2A22-C781DFB2612B}.Release|Any CPU.ActiveCfg = Release|Any CPU
		{00ED8E94-46E2-FDBC-2A22-C781DFB2612B}.Release|Any CPU.Build.0 = Release|Any CPU
		{E6959F3E-9F01-E3FA-0AAF-4B46848105F2}.Debug|Any CPU.ActiveCfg = Debug|Any CPU
		{E6959F3E-9F01-E3FA-0AAF-4B46848105F2}.Debug|Any CPU.Build.0 = Debug|Any CPU
		{E6959F3E-9F01-E3FA-0AAF-4B46848105F2}.Release|Any CPU.ActiveCfg = Release|Any CPU
		{E6959F3E-9F01-E3FA-0AAF-4B46848105F2}.Release|Any CPU.Build.0 = Release|Any CPU
		{E7A704F7-3FD1-BEBF-FA2E-3FC33AF5F379}.Debug|Any CPU.ActiveCfg = Debug|Any CPU
		{E7A704F7-3FD1-BEBF-FA2E-3FC33AF5F379}.Debug|Any CPU.Build.0 = Debug|Any CPU
		{E7A704F7-3FD1-BEBF-FA2E-3FC33AF5F379}.Release|Any CPU.ActiveCfg = Release|Any CPU
		{E7A704F7-3FD1-BEBF-FA2E-3FC33AF5F379}.Release|Any CPU.Build.0 = Release|Any CPU
		{374EAAD9-83F4-8481-6427-A4D6E3765C77}.Debug|Any CPU.ActiveCfg = Debug|Any CPU
		{374EAAD9-83F4-8481-6427-A4D6E3765C77}.Debug|Any CPU.Build.0 = Debug|Any CPU
		{374EAAD9-83F4-8481-6427-A4D6E3765C77}.Release|Any CPU.ActiveCfg = Release|Any CPU
		{374EAAD9-83F4-8481-6427-A4D6E3765C77}.Release|Any CPU.Build.0 = Release|Any CPU
		{AF3A95C7-3924-F188-8312-B6F913768D39}.Debug|Any CPU.ActiveCfg = Debug|Any CPU
		{AF3A95C7-3924-F188-8312-B6F913768D39}.Debug|Any CPU.Build.0 = Debug|Any CPU
		{AF3A95C7-3924-F188-8312-B6F913768D39}.Release|Any CPU.ActiveCfg = Release|Any CPU
		{AF3A95C7-3924-F188-8312-B6F913768D39}.Release|Any CPU.Build.0 = Release|Any CPU
		{C036B3DC-429F-A552-EB9C-B9E16005E466}.Debug|Any CPU.ActiveCfg = Debug|Any CPU
		{C036B3DC-429F-A552-EB9C-B9E16005E466}.Debug|Any CPU.Build.0 = Debug|Any CPU
		{C036B3DC-429F-A552-EB9C-B9E16005E466}.Release|Any CPU.ActiveCfg = Release|Any CPU
		{C036B3DC-429F-A552-EB9C-B9E16005E466}.Release|Any CPU.Build.0 = Release|Any CPU
		{ED6EF152-A816-8D8D-A12E-1735B042E96C}.Debug|Any CPU.ActiveCfg = Debug|Any CPU
		{ED6EF152-A816-8D8D-A12E-1735B042E96C}.Debug|Any CPU.Build.0 = Debug|Any CPU
		{ED6EF152-A816-8D8D-A12E-1735B042E96C}.Release|Any CPU.ActiveCfg = Release|Any CPU
		{ED6EF152-A816-8D8D-A12E-1735B042E96C}.Release|Any CPU.Build.0 = Release|Any CPU
		{B9B57EC8-DBB3-047F-2E04-C29B3CA43C4F}.Debug|Any CPU.ActiveCfg = Debug|Any CPU
		{B9B57EC8-DBB3-047F-2E04-C29B3CA43C4F}.Debug|Any CPU.Build.0 = Debug|Any CPU
		{B9B57EC8-DBB3-047F-2E04-C29B3CA43C4F}.Release|Any CPU.ActiveCfg = Release|Any CPU
		{B9B57EC8-DBB3-047F-2E04-C29B3CA43C4F}.Release|Any CPU.Build.0 = Release|Any CPU
		{D910669D-596A-C89F-3014-8368BB7875A6}.Debug|Any CPU.ActiveCfg = Debug|Any CPU
		{D910669D-596A-C89F-3014-8368BB7875A6}.Debug|Any CPU.Build.0 = Debug|Any CPU
		{D910669D-596A-C89F-3014-8368BB7875A6}.Release|Any CPU.ActiveCfg = Release|Any CPU
		{D910669D-596A-C89F-3014-8368BB7875A6}.Release|Any CPU.Build.0 = Release|Any CPU
	EndGlobalSection
	GlobalSection(SolutionProperties) = preSolution
		HideSolutionNode = FALSE
	EndGlobalSection
EndGlobal
